
Microsoft Visual Studio Solution File, Format Version 12.00
# Visual Studio Version 17
VisualStudioVersion = 17.5.33530.505
MinimumVisualStudioVersion = 10.0.40219.1
Project("{FAE04EC0-301F-11D3-BF4B-00C04F79EFBC}") = "VidareutvecklaDesign", "VidareutvecklaDesign\VidareutvecklaDesign.csproj", "{98AFDDFA-4A70-4923-82A8-4AA671E7F57F}"
EndProject
Global
	GlobalSection(SolutionConfigurationPlatforms) = preSolution
		Debug|Any CPU = Debug|Any CPU
		Release|Any CPU = Release|Any CPU
	EndGlobalSection
	GlobalSection(ProjectConfigurationPlatforms) = postSolution
		{98AFDDFA-4A70-4923-82A8-4AA671E7F57F}.Debug|Any CPU.ActiveCfg = Debug|Any CPU
		{98AFDDFA-4A70-4923-82A8-4AA671E7F57F}.Debug|Any CPU.Build.0 = Debug|Any CPU
		{98AFDDFA-4A70-4923-82A8-4AA671E7F57F}.Release|Any CPU.ActiveCfg = Release|Any CPU
		{98AFDDFA-4A70-4923-82A8-4AA671E7F57F}.Release|Any CPU.Build.0 = Release|Any CPU
	EndGlobalSection
	GlobalSection(SolutionProperties) = preSolution
		HideSolutionNode = FALSE
	EndGlobalSection
	GlobalSection(ExtensibilityGlobals) = postSolution
		SolutionGuid = {BE7ACF94-B569-4236-BEB9-7886ADB61198}
	EndGlobalSection
EndGlobal
